
Microsoft Visual Studio Solution File, Format Version 12.00
# Visual Studio Version 16
VisualStudioVersion = 16.0.29609.76
MinimumVisualStudioVersion = 10.0.40219.1
Project("{9A19103F-16F7-4668-BE54-9A1E7A4F7556}") = "MapDiagram", "MapDiagram.csproj", "{2A2E0D2A-274F-4427-B677-C93A8B47ECD4}"
EndProject
Project("{FAE04EC0-301F-11D3-BF4B-00C04F79EFBC}") = "MapDiagramTests", "..\MapDiagramTests\MapDiagramTests.csproj", "{E586D606-2BD7-475C-AFD6-2F57C549F243}"
EndProject
Project("{9A19103F-16F7-4668-BE54-9A1E7A4F7556}") = "SimplePlug", "..\SimplePlug\SimplePlug.csproj", "{E0398637-F499-4240-9D09-7BA7203769E3}"
EndProject
Global
	GlobalSection(SolutionConfigurationPlatforms) = preSolution
		Debug|Any CPU = Debug|Any CPU
		Release|Any CPU = Release|Any CPU
	EndGlobalSection
	GlobalSection(ProjectConfigurationPlatforms) = postSolution
		{2A2E0D2A-274F-4427-B677-C93A8B47ECD4}.Debug|Any CPU.ActiveCfg = Debug|Any CPU
		{2A2E0D2A-274F-4427-B677-C93A8B47ECD4}.Debug|Any CPU.Build.0 = Debug|Any CPU
		{2A2E0D2A-274F-4427-B677-C93A8B47ECD4}.Release|Any CPU.ActiveCfg = Release|Any CPU
		{2A2E0D2A-274F-4427-B677-C93A8B47ECD4}.Release|Any CPU.Build.0 = Release|Any CPU
		{E586D606-2BD7-475C-AFD6-2F57C549F243}.Debug|Any CPU.ActiveCfg = Debug|Any CPU
		{E586D606-2BD7-475C-AFD6-2F57C549F243}.Debug|Any CPU.Build.0 = Debug|Any CPU
		{E586D606-2BD7-475C-AFD6-2F57C549F243}.Release|Any CPU.ActiveCfg = Release|Any CPU
		{E586D606-2BD7-475C-AFD6-2F57C549F243}.Release|Any CPU.Build.0 = Release|Any CPU
		{E0398637-F499-4240-9D09-7BA7203769E3}.Debug|Any CPU.ActiveCfg = Debug|Any CPU
		{E0398637-F499-4240-9D09-7BA7203769E3}.Debug|Any CPU.Build.0 = Debug|Any CPU
		{E0398637-F499-4240-9D09-7BA7203769E3}.Release|Any CPU.ActiveCfg = Release|Any CPU
		{E0398637-F499-4240-9D09-7BA7203769E3}.Release|Any CPU.Build.0 = Release|Any CPU
	EndGlobalSection
	GlobalSection(SolutionProperties) = preSolution
		HideSolutionNode = FALSE
	EndGlobalSection
	GlobalSection(ExtensibilityGlobals) = postSolution
		SolutionGuid = {E900D862-516F-4D1F-A607-F284B46A3C9D}
	EndGlobalSection
EndGlobal
