
Microsoft Visual Studio Solution File, Format Version 12.00
# Visual Studio Version 16
VisualStudioVersion = 16.0.29609.76
MinimumVisualStudioVersion = 10.0.40219.1
Project("{9A19103F-16F7-4668-BE54-9A1E7A4F7556}") = "OpenApiDocumentSchemaPlugin", "OpenApiDocumentSchemaPlugin\OpenApiDocumentSchemaPlugin.csproj", "{69032F76-2D1C-4066-ACDB-52F105C5FBAC}"
EndProject
Project("{2150E333-8FDC-42A3-9474-1A3956D46DE8}") = "tests", "tests", "{1E5F9D5E-C6EA-42D4-B3B7-05F7FC66DF7C}"
EndProject
Project("{2150E333-8FDC-42A3-9474-1A3956D46DE8}") = "src", "src", "{D66EBC31-3C46-4D38-9ABE-D43C8D1BC5CB}"
EndProject
Project("{9A19103F-16F7-4668-BE54-9A1E7A4F7556}") = "BaseDrawIoPlugin", "BaseDrawIoPlugin\BaseDrawIoPlugin.csproj", "{17D297A5-6ACE-48AE-AF30-63E4B9F0C119}"
EndProject
Project("{9A19103F-16F7-4668-BE54-9A1E7A4F7556}") = "JsonGeoDataSchemaPlugin", "JsonGeoDataSchemaPlugin\JsonGeoDataSchemaPlugin.csproj", "{9755E902-5C54-4DCD-8DBD-B16B2C2954C1}"
EndProject
Project("{9A19103F-16F7-4668-BE54-9A1E7A4F7556}") = "DrawIoDotNetPluginsTest", "DrawIoDotNetPluginsTest\DrawIoDotNetPluginsTest.csproj", "{530828BC-1128-4AA5-8717-A23457511FEB}"
EndProject
Global
	GlobalSection(SolutionConfigurationPlatforms) = preSolution
		Debug|Any CPU = Debug|Any CPU
		Release|Any CPU = Release|Any CPU
	EndGlobalSection
	GlobalSection(ProjectConfigurationPlatforms) = postSolution
		{69032F76-2D1C-4066-ACDB-52F105C5FBAC}.Debug|Any CPU.ActiveCfg = Debug|Any CPU
		{69032F76-2D1C-4066-ACDB-52F105C5FBAC}.Debug|Any CPU.Build.0 = Debug|Any CPU
		{69032F76-2D1C-4066-ACDB-52F105C5FBAC}.Release|Any CPU.ActiveCfg = Release|Any CPU
		{69032F76-2D1C-4066-ACDB-52F105C5FBAC}.Release|Any CPU.Build.0 = Release|Any CPU
		{17D297A5-6ACE-48AE-AF30-63E4B9F0C119}.Debug|Any CPU.ActiveCfg = Debug|Any CPU
		{17D297A5-6ACE-48AE-AF30-63E4B9F0C119}.Debug|Any CPU.Build.0 = Debug|Any CPU
		{17D297A5-6ACE-48AE-AF30-63E4B9F0C119}.Release|Any CPU.ActiveCfg = Release|Any CPU
		{17D297A5-6ACE-48AE-AF30-63E4B9F0C119}.Release|Any CPU.Build.0 = Release|Any CPU
		{9755E902-5C54-4DCD-8DBD-B16B2C2954C1}.Debug|Any CPU.ActiveCfg = Debug|Any CPU
		{9755E902-5C54-4DCD-8DBD-B16B2C2954C1}.Debug|Any CPU.Build.0 = Debug|Any CPU
		{9755E902-5C54-4DCD-8DBD-B16B2C2954C1}.Release|Any CPU.ActiveCfg = Release|Any CPU
		{9755E902-5C54-4DCD-8DBD-B16B2C2954C1}.Release|Any CPU.Build.0 = Release|Any CPU
		{530828BC-1128-4AA5-8717-A23457511FEB}.Debug|Any CPU.ActiveCfg = Debug|Any CPU
		{530828BC-1128-4AA5-8717-A23457511FEB}.Debug|Any CPU.Build.0 = Debug|Any CPU
		{530828BC-1128-4AA5-8717-A23457511FEB}.Release|Any CPU.ActiveCfg = Release|Any CPU
		{530828BC-1128-4AA5-8717-A23457511FEB}.Release|Any CPU.Build.0 = Release|Any CPU
	EndGlobalSection
	GlobalSection(SolutionProperties) = preSolution
		HideSolutionNode = FALSE
	EndGlobalSection
	GlobalSection(NestedProjects) = preSolution
		{69032F76-2D1C-4066-ACDB-52F105C5FBAC} = {D66EBC31-3C46-4D38-9ABE-D43C8D1BC5CB}
		{17D297A5-6ACE-48AE-AF30-63E4B9F0C119} = {D66EBC31-3C46-4D38-9ABE-D43C8D1BC5CB}
		{9755E902-5C54-4DCD-8DBD-B16B2C2954C1} = {D66EBC31-3C46-4D38-9ABE-D43C8D1BC5CB}
		{530828BC-1128-4AA5-8717-A23457511FEB} = {1E5F9D5E-C6EA-42D4-B3B7-05F7FC66DF7C}
	EndGlobalSection
	GlobalSection(ExtensibilityGlobals) = postSolution
		SolutionGuid = {AC25DC84-37A2-45D6-96F1-020762052A58}
	EndGlobalSection
EndGlobal
